
Microsoft Visual Studio Solution File, Format Version 12.00
# Visual Studio 2015
Project("{FAE04EC0-301F-11D3-BF4B-00C04F79EFBC}") = "FlockDev.Plugins", "FlockDev.Plugins.csproj", "{A414117C-AE28-8BAF-55CF-F3FD5FCF6AAC}"
EndProject
Project("{FAE04EC0-301F-11D3-BF4B-00C04F79EFBC}") = "FlockDev", "FlockDev.csproj", "{557ED1AB-50D4-171F-65AE-4EC58B9E0DD6}"
EndProject
Project("{FAE04EC0-301F-11D3-BF4B-00C04F79EFBC}") = "FlockDev.Editor.Plugins", "FlockDev.Editor.Plugins.csproj", "{BC1D38F4-D954-6902-5DDB-9BD8F9147AD8}"
EndProject
Project("{FAE04EC0-301F-11D3-BF4B-00C04F79EFBC}") = "FlockDev.Editor", "FlockDev.Editor.csproj", "{F3C85844-B10B-DE0C-03CA-7BD736FD0986}"
EndProject
Global
	GlobalSection(SolutionConfigurationPlatforms) = preSolution
		Debug|Any CPU = Debug|Any CPU
		Release|Any CPU = Release|Any CPU
	EndGlobalSection
	GlobalSection(ProjectConfigurationPlatforms) = postSolution
		{A414117C-AE28-8BAF-55CF-F3FD5FCF6AAC}.Debug|Any CPU.ActiveCfg = Debug|Any CPU
		{A414117C-AE28-8BAF-55CF-F3FD5FCF6AAC}.Debug|Any CPU.Build.0 = Debug|Any CPU
		{A414117C-AE28-8BAF-55CF-F3FD5FCF6AAC}.Release|Any CPU.ActiveCfg = Release|Any CPU
		{A414117C-AE28-8BAF-55CF-F3FD5FCF6AAC}.Release|Any CPU.Build.0 = Release|Any CPU
		{557ED1AB-50D4-171F-65AE-4EC58B9E0DD6}.Debug|Any CPU.ActiveCfg = Debug|Any CPU
		{557ED1AB-50D4-171F-65AE-4EC58B9E0DD6}.Debug|Any CPU.Build.0 = Debug|Any CPU
		{557ED1AB-50D4-171F-65AE-4EC58B9E0DD6}.Release|Any CPU.ActiveCfg = Release|Any CPU
		{557ED1AB-50D4-171F-65AE-4EC58B9E0DD6}.Release|Any CPU.Build.0 = Release|Any CPU
		{BC1D38F4-D954-6902-5DDB-9BD8F9147AD8}.Debug|Any CPU.ActiveCfg = Debug|Any CPU
		{BC1D38F4-D954-6902-5DDB-9BD8F9147AD8}.Debug|Any CPU.Build.0 = Debug|Any CPU
		{BC1D38F4-D954-6902-5DDB-9BD8F9147AD8}.Release|Any CPU.ActiveCfg = Release|Any CPU
		{BC1D38F4-D954-6902-5DDB-9BD8F9147AD8}.Release|Any CPU.Build.0 = Release|Any CPU
		{F3C85844-B10B-DE0C-03CA-7BD736FD0986}.Debug|Any CPU.ActiveCfg = Debug|Any CPU
		{F3C85844-B10B-DE0C-03CA-7BD736FD0986}.Debug|Any CPU.Build.0 = Debug|Any CPU
		{F3C85844-B10B-DE0C-03CA-7BD736FD0986}.Release|Any CPU.ActiveCfg = Release|Any CPU
		{F3C85844-B10B-DE0C-03CA-7BD736FD0986}.Release|Any CPU.Build.0 = Release|Any CPU
	EndGlobalSection
	GlobalSection(SolutionProperties) = preSolution
		HideSolutionNode = FALSE
	EndGlobalSection
EndGlobal
