
Microsoft Visual Studio Solution File, Format Version 12.00
# Visual Studio 2015
Project("{FAE04EC0-301F-11D3-BF4B-00C04F79EFBC}") = "Flockdev.Plugins", "Flockdev.Plugins.csproj", "{3889CEAE-E023-9129-A5AE-D754F3B7DF7C}"
EndProject
Project("{FAE04EC0-301F-11D3-BF4B-00C04F79EFBC}") = "Flockdev", "Flockdev.csproj", "{0EB7D616-1D7C-DC94-64DE-BBA7F01103AB}"
EndProject
Project("{FAE04EC0-301F-11D3-BF4B-00C04F79EFBC}") = "Flockdev.Editor.Plugins", "Flockdev.Editor.Plugins.csproj", "{00CC32BD-EA8C-FC58-CEA4-B25BE330DFFB}"
EndProject
Project("{FAE04EC0-301F-11D3-BF4B-00C04F79EFBC}") = "Flockdev.Editor", "Flockdev.Editor.csproj", "{961D683E-C5DF-091D-DB7E-CABDCA1F5E14}"
EndProject
Global
	GlobalSection(SolutionConfigurationPlatforms) = preSolution
		Debug|Any CPU = Debug|Any CPU
		Release|Any CPU = Release|Any CPU
	EndGlobalSection
	GlobalSection(ProjectConfigurationPlatforms) = postSolution
		{3889CEAE-E023-9129-A5AE-D754F3B7DF7C}.Debug|Any CPU.ActiveCfg = Debug|Any CPU
		{3889CEAE-E023-9129-A5AE-D754F3B7DF7C}.Debug|Any CPU.Build.0 = Debug|Any CPU
		{3889CEAE-E023-9129-A5AE-D754F3B7DF7C}.Release|Any CPU.ActiveCfg = Release|Any CPU
		{3889CEAE-E023-9129-A5AE-D754F3B7DF7C}.Release|Any CPU.Build.0 = Release|Any CPU
		{0EB7D616-1D7C-DC94-64DE-BBA7F01103AB}.Debug|Any CPU.ActiveCfg = Debug|Any CPU
		{0EB7D616-1D7C-DC94-64DE-BBA7F01103AB}.Debug|Any CPU.Build.0 = Debug|Any CPU
		{0EB7D616-1D7C-DC94-64DE-BBA7F01103AB}.Release|Any CPU.ActiveCfg = Release|Any CPU
		{0EB7D616-1D7C-DC94-64DE-BBA7F01103AB}.Release|Any CPU.Build.0 = Release|Any CPU
		{00CC32BD-EA8C-FC58-CEA4-B25BE330DFFB}.Debug|Any CPU.ActiveCfg = Debug|Any CPU
		{00CC32BD-EA8C-FC58-CEA4-B25BE330DFFB}.Debug|Any CPU.Build.0 = Debug|Any CPU
		{00CC32BD-EA8C-FC58-CEA4-B25BE330DFFB}.Release|Any CPU.ActiveCfg = Release|Any CPU
		{00CC32BD-EA8C-FC58-CEA4-B25BE330DFFB}.Release|Any CPU.Build.0 = Release|Any CPU
		{961D683E-C5DF-091D-DB7E-CABDCA1F5E14}.Debug|Any CPU.ActiveCfg = Debug|Any CPU
		{961D683E-C5DF-091D-DB7E-CABDCA1F5E14}.Debug|Any CPU.Build.0 = Debug|Any CPU
		{961D683E-C5DF-091D-DB7E-CABDCA1F5E14}.Release|Any CPU.ActiveCfg = Release|Any CPU
		{961D683E-C5DF-091D-DB7E-CABDCA1F5E14}.Release|Any CPU.Build.0 = Release|Any CPU
	EndGlobalSection
	GlobalSection(SolutionProperties) = preSolution
		HideSolutionNode = FALSE
	EndGlobalSection
EndGlobal
