
Microsoft Visual Studio Solution File, Format Version 11.00
# Visual Studio 2010
Project("{FAE04EC0-301F-11D3-BF4B-00C04F79EFBC}") = "FlockDev", "Assembly-CSharp-firstpass.csproj", "{CF257036-DEEC-4FBF-1398-DBB5AA4E4DE9}"
EndProject
Project("{FAE04EC0-301F-11D3-BF4B-00C04F79EFBC}") = "FlockDev", "Assembly-CSharp.csproj", "{77FC2526-9D43-4B3B-92E6-637492F0F65B}"
EndProject
Project("{FAE04EC0-301F-11D3-BF4B-00C04F79EFBC}") = "FlockDev", "Assembly-CSharp-Editor-firstpass.csproj", "{E0E44276-908E-32A9-D79B-E7F03172EC0C}"
EndProject
Project("{FAE04EC0-301F-11D3-BF4B-00C04F79EFBC}") = "FlockDev", "Assembly-CSharp-Editor.csproj", "{C10BA8B1-D993-229A-B9DB-3B8E8B08C0A8}"
EndProject
Global
	GlobalSection(SolutionConfigurationPlatforms) = preSolution
		Debug|Any CPU = Debug|Any CPU
		Release|Any CPU = Release|Any CPU
	EndGlobalSection
	GlobalSection(ProjectConfigurationPlatforms) = postSolution
		{CF257036-DEEC-4FBF-1398-DBB5AA4E4DE9}.Debug|Any CPU.ActiveCfg = Debug|Any CPU
		{CF257036-DEEC-4FBF-1398-DBB5AA4E4DE9}.Debug|Any CPU.Build.0 = Debug|Any CPU
		{CF257036-DEEC-4FBF-1398-DBB5AA4E4DE9}.Release|Any CPU.ActiveCfg = Release|Any CPU
		{CF257036-DEEC-4FBF-1398-DBB5AA4E4DE9}.Release|Any CPU.Build.0 = Release|Any CPU
		{77FC2526-9D43-4B3B-92E6-637492F0F65B}.Debug|Any CPU.ActiveCfg = Debug|Any CPU
		{77FC2526-9D43-4B3B-92E6-637492F0F65B}.Debug|Any CPU.Build.0 = Debug|Any CPU
		{77FC2526-9D43-4B3B-92E6-637492F0F65B}.Release|Any CPU.ActiveCfg = Release|Any CPU
		{77FC2526-9D43-4B3B-92E6-637492F0F65B}.Release|Any CPU.Build.0 = Release|Any CPU
		{E0E44276-908E-32A9-D79B-E7F03172EC0C}.Debug|Any CPU.ActiveCfg = Debug|Any CPU
		{E0E44276-908E-32A9-D79B-E7F03172EC0C}.Debug|Any CPU.Build.0 = Debug|Any CPU
		{E0E44276-908E-32A9-D79B-E7F03172EC0C}.Release|Any CPU.ActiveCfg = Release|Any CPU
		{E0E44276-908E-32A9-D79B-E7F03172EC0C}.Release|Any CPU.Build.0 = Release|Any CPU
		{C10BA8B1-D993-229A-B9DB-3B8E8B08C0A8}.Debug|Any CPU.ActiveCfg = Debug|Any CPU
		{C10BA8B1-D993-229A-B9DB-3B8E8B08C0A8}.Debug|Any CPU.Build.0 = Debug|Any CPU
		{C10BA8B1-D993-229A-B9DB-3B8E8B08C0A8}.Release|Any CPU.ActiveCfg = Release|Any CPU
		{C10BA8B1-D993-229A-B9DB-3B8E8B08C0A8}.Release|Any CPU.Build.0 = Release|Any CPU
	EndGlobalSection
	GlobalSection(SolutionProperties) = preSolution
		HideSolutionNode = FALSE
	EndGlobalSection
	GlobalSection(MonoDevelopProperties) = preSolution
		StartupItem = Assembly-CSharp.csproj
	EndGlobalSection
EndGlobal
